
Microsoft Visual Studio Solution File, Format Version 12.00
# Visual Studio 15
VisualStudioVersion = 15.0.28307.572
MinimumVisualStudioVersion = 10.0.40219.1
Project("{8BC9CEB8-8B4A-11D0-8D11-00A0C91BC942}") = "NetworkVectorAnalyzerController", "NetworkVectorAnalyzerController.vcxproj", "{9A994D51-0661-30C7-86DB-95EC6162AE8B}"
EndProject
Global
	GlobalSection(SolutionConfigurationPlatforms) = preSolution
		Debug|x86 = Debug|x86
		Release|x86 = Release|x86
	EndGlobalSection
	GlobalSection(ProjectConfigurationPlatforms) = postSolution
		{9A994D51-0661-30C7-86DB-95EC6162AE8B}.Debug|x86.ActiveCfg = Debug|Win32
		{9A994D51-0661-30C7-86DB-95EC6162AE8B}.Debug|x86.Build.0 = Debug|Win32
		{9A994D51-0661-30C7-86DB-95EC6162AE8B}.Release|x86.ActiveCfg = Release|Win32
		{9A994D51-0661-30C7-86DB-95EC6162AE8B}.Release|x86.Build.0 = Release|Win32
	EndGlobalSection
	GlobalSection(SolutionProperties) = preSolution
		HideSolutionNode = FALSE
	EndGlobalSection
	GlobalSection(ExtensibilityGlobals) = postSolution
		SolutionGuid = {A208AA7D-BD16-4E3C-B06F-347169FFD7D8}
	EndGlobalSection
EndGlobal
