
Microsoft Visual Studio Solution File, Format Version 12.00
# Visual Studio 15
VisualStudioVersion = 15.0.28307.572
MinimumVisualStudioVersion = 10.0.40219.1
Project("{888888A0-9F3D-457C-B088-3A5042F75D52}") = "Python_VNA_Controller", "Python_VNA_Controller\Python_VNA_Controller.pyproj", "{15C46573-9606-40C2-A851-4090B7119D26}"
EndProject
Global
	GlobalSection(SolutionConfigurationPlatforms) = preSolution
		Debug|Any CPU = Debug|Any CPU
		Release|Any CPU = Release|Any CPU
	EndGlobalSection
	GlobalSection(ProjectConfigurationPlatforms) = postSolution
		{15C46573-9606-40C2-A851-4090B7119D26}.Debug|Any CPU.ActiveCfg = Debug|Any CPU
		{15C46573-9606-40C2-A851-4090B7119D26}.Release|Any CPU.ActiveCfg = Release|Any CPU
	EndGlobalSection
	GlobalSection(SolutionProperties) = preSolution
		HideSolutionNode = FALSE
	EndGlobalSection
	GlobalSection(ExtensibilityGlobals) = postSolution
		SolutionGuid = {487B7021-63C9-401D-9BED-5E7E1E4148E4}
	EndGlobalSection
EndGlobal
